<?xml version="1.0" encoding="utf-8"?>
<Project ToolsVersion="4.0" xmlns="http://schemas.microsoft.com/developer/msbuild/2003">
  <ItemGroup>
    <Filter Include="Shader">
      <UniqueIdentifier>{fb671c3c-9e14-48a1-9f7d-facd5588b9bb}</UniqueIdentifier>
    </Filter>
  </ItemGroup>
  <ItemGroup>
    <FxCompile Include="PlayerMaskEffect.fx">
      <Filter>Shader</Filter>
    </FxCompile>
    <FxCompile Include="OverlayLightMask.fx">
      <Filter>Shader</Filter>
    </FxCompile>
  </ItemGroup>
</Project>