
Microsoft Visual Studio Solution File, Format Version 12.00
# Visual Studio Version 17
VisualStudioVersion = 17.6.33723.286
MinimumVisualStudioVersion = 10.0.40219.1
Project("{2150E333-8FDC-42A3-9474-1A3956D46DE8}") = "Level0", "Level0", "{E929947A-F76E-47DA-B91E-E07258752D7B}"
EndProject
Project("{2150E333-8FDC-42A3-9474-1A3956D46DE8}") = "Level1", "Level1", "{51D0F4FD-D4A0-4BE8-8C05-998C515A4172}"
EndProject
Project("{2150E333-8FDC-42A3-9474-1A3956D46DE8}") = "Level2", "Level2", "{3A1AF183-653D-4F8D-9055-571FA767A12D}"
EndProject
Project("{2150E333-8FDC-42A3-9474-1A3956D46DE8}") = "Level9", "Level9", "{78405809-B02E-476A-9DB5-DCC8EA18A580}"
EndProject
Project("{8BC9CEB8-8B4A-11D0-8D11-00A0C91BC942}") = "Titan_Souls", "Titan_Souls\Titan_Souls.vcxproj", "{BC178462-15C6-4859-BDB9-6BB7216F16D1}"
	ProjectSection(ProjectDependencies) = postProject
		{43E95582-82FC-46C5-A7CA-7D887CD0432B} = {43E95582-82FC-46C5-A7CA-7D887CD0432B}
		{A1ABC021-AE38-4262-9CF3-BF96F0A5CE90} = {A1ABC021-AE38-4262-9CF3-BF96F0A5CE90}
		{A4198B71-D72C-4C1A-9FA2-6A2A1290C0E7} = {A4198B71-D72C-4C1A-9FA2-6A2A1290C0E7}
		{B1E3C61A-C8FC-4963-9F8C-24D509EE580C} = {B1E3C61A-C8FC-4963-9F8C-24D509EE580C}
	EndProjectSection
EndProject
Project("{2150E333-8FDC-42A3-9474-1A3956D46DE8}") = "Level3", "Level3", "{8DEC0141-DCD6-4452-A2FA-62ED2D5F86B2}"
EndProject
Project("{8BC9CEB8-8B4A-11D0-8D11-00A0C91BC942}") = "GameEngineBase", "GameEngineBase\GameEngineBase.vcxproj", "{43E95582-82FC-46C5-A7CA-7D887CD0432B}"
EndProject
Project("{8BC9CEB8-8B4A-11D0-8D11-00A0C91BC942}") = "GameEnginePlatform", "GameEnginePlatform\GameEnginePlatform.vcxproj", "{A4198B71-D72C-4C1A-9FA2-6A2A1290C0E7}"
	ProjectSection(ProjectDependencies) = postProject
		{43E95582-82FC-46C5-A7CA-7D887CD0432B} = {43E95582-82FC-46C5-A7CA-7D887CD0432B}
	EndProjectSection
EndProject
Project("{8BC9CEB8-8B4A-11D0-8D11-00A0C91BC942}") = "GameEngineContents", "GameEngineContents\GameEngineContents.vcxproj", "{A1ABC021-AE38-4262-9CF3-BF96F0A5CE90}"
	ProjectSection(ProjectDependencies) = postProject
		{43E95582-82FC-46C5-A7CA-7D887CD0432B} = {43E95582-82FC-46C5-A7CA-7D887CD0432B}
		{A4198B71-D72C-4C1A-9FA2-6A2A1290C0E7} = {A4198B71-D72C-4C1A-9FA2-6A2A1290C0E7}
		{B1E3C61A-C8FC-4963-9F8C-24D509EE580C} = {B1E3C61A-C8FC-4963-9F8C-24D509EE580C}
	EndProjectSection
EndProject
Project("{8BC9CEB8-8B4A-11D0-8D11-00A0C91BC942}") = "GameEngineCore", "GameEngineCore\GameEngineCore.vcxproj", "{B1E3C61A-C8FC-4963-9F8C-24D509EE580C}"
	ProjectSection(ProjectDependencies) = postProject
		{43E95582-82FC-46C5-A7CA-7D887CD0432B} = {43E95582-82FC-46C5-A7CA-7D887CD0432B}
		{A4198B71-D72C-4C1A-9FA2-6A2A1290C0E7} = {A4198B71-D72C-4C1A-9FA2-6A2A1290C0E7}
	EndProjectSection
EndProject
Project("{8BC9CEB8-8B4A-11D0-8D11-00A0C91BC942}") = "GameEngineCoreShader", "GameEngineCoreShader\GameEngineCoreShader.vcxproj", "{02B63468-E569-4E56-AAA3-D398473BAF95}"
EndProject
Project("{8BC9CEB8-8B4A-11D0-8D11-00A0C91BC942}") = "MapDataEditor", "MapDataEditor\MapDataEditor.vcxproj", "{B6087B8A-8910-4B4B-A9BF-25B3FDA84178}"
	ProjectSection(ProjectDependencies) = postProject
		{43E95582-82FC-46C5-A7CA-7D887CD0432B} = {43E95582-82FC-46C5-A7CA-7D887CD0432B}
		{A1ABC021-AE38-4262-9CF3-BF96F0A5CE90} = {A1ABC021-AE38-4262-9CF3-BF96F0A5CE90}
		{A4198B71-D72C-4C1A-9FA2-6A2A1290C0E7} = {A4198B71-D72C-4C1A-9FA2-6A2A1290C0E7}
		{B1E3C61A-C8FC-4963-9F8C-24D509EE580C} = {B1E3C61A-C8FC-4963-9F8C-24D509EE580C}
	EndProjectSection
EndProject
Project("{8BC9CEB8-8B4A-11D0-8D11-00A0C91BC942}") = "GameEngineContentsShader", "GameEngineContentsShader\GameEngineContentsShader.vcxproj", "{55B5C2BF-928B-40E7-934D-A2F311044EEE}"
EndProject
Global
	GlobalSection(SolutionConfigurationPlatforms) = preSolution
		Debug|x64 = Debug|x64
		Debug|x86 = Debug|x86
		Release|x64 = Release|x64
		Release|x86 = Release|x86
	EndGlobalSection
	GlobalSection(ProjectConfigurationPlatforms) = postSolution
		{BC178462-15C6-4859-BDB9-6BB7216F16D1}.Debug|x64.ActiveCfg = Debug|x64
		{BC178462-15C6-4859-BDB9-6BB7216F16D1}.Debug|x64.Build.0 = Debug|x64
		{BC178462-15C6-4859-BDB9-6BB7216F16D1}.Debug|x86.ActiveCfg = Debug|Win32
		{BC178462-15C6-4859-BDB9-6BB7216F16D1}.Debug|x86.Build.0 = Debug|Win32
		{BC178462-15C6-4859-BDB9-6BB7216F16D1}.Release|x64.ActiveCfg = Release|x64
		{BC178462-15C6-4859-BDB9-6BB7216F16D1}.Release|x64.Build.0 = Release|x64
		{BC178462-15C6-4859-BDB9-6BB7216F16D1}.Release|x86.ActiveCfg = Release|Win32
		{BC178462-15C6-4859-BDB9-6BB7216F16D1}.Release|x86.Build.0 = Release|Win32
		{43E95582-82FC-46C5-A7CA-7D887CD0432B}.Debug|x64.ActiveCfg = Debug|x64
		{43E95582-82FC-46C5-A7CA-7D887CD0432B}.Debug|x64.Build.0 = Debug|x64
		{43E95582-82FC-46C5-A7CA-7D887CD0432B}.Debug|x86.ActiveCfg = Debug|Win32
		{43E95582-82FC-46C5-A7CA-7D887CD0432B}.Debug|x86.Build.0 = Debug|Win32
		{43E95582-82FC-46C5-A7CA-7D887CD0432B}.Release|x64.ActiveCfg = Release|x64
		{43E95582-82FC-46C5-A7CA-7D887CD0432B}.Release|x64.Build.0 = Release|x64
		{43E95582-82FC-46C5-A7CA-7D887CD0432B}.Release|x86.ActiveCfg = Release|Win32
		{43E95582-82FC-46C5-A7CA-7D887CD0432B}.Release|x86.Build.0 = Release|Win32
		{A4198B71-D72C-4C1A-9FA2-6A2A1290C0E7}.Debug|x64.ActiveCfg = Debug|x64
		{A4198B71-D72C-4C1A-9FA2-6A2A1290C0E7}.Debug|x64.Build.0 = Debug|x64
		{A4198B71-D72C-4C1A-9FA2-6A2A1290C0E7}.Debug|x86.ActiveCfg = Debug|Win32
		{A4198B71-D72C-4C1A-9FA2-6A2A1290C0E7}.Debug|x86.Build.0 = Debug|Win32
		{A4198B71-D72C-4C1A-9FA2-6A2A1290C0E7}.Release|x64.ActiveCfg = Release|x64
		{A4198B71-D72C-4C1A-9FA2-6A2A1290C0E7}.Release|x64.Build.0 = Release|x64
		{A4198B71-D72C-4C1A-9FA2-6A2A1290C0E7}.Release|x86.ActiveCfg = Release|Win32
		{A4198B71-D72C-4C1A-9FA2-6A2A1290C0E7}.Release|x86.Build.0 = Release|Win32
		{A1ABC021-AE38-4262-9CF3-BF96F0A5CE90}.Debug|x64.ActiveCfg = Debug|x64
		{A1ABC021-AE38-4262-9CF3-BF96F0A5CE90}.Debug|x64.Build.0 = Debug|x64
		{A1ABC021-AE38-4262-9CF3-BF96F0A5CE90}.Debug|x86.ActiveCfg = Debug|Win32
		{A1ABC021-AE38-4262-9CF3-BF96F0A5CE90}.Debug|x86.Build.0 = Debug|Win32
		{A1ABC021-AE38-4262-9CF3-BF96F0A5CE90}.Release|x64.ActiveCfg = Release|x64
		{A1ABC021-AE38-4262-9CF3-BF96F0A5CE90}.Release|x64.Build.0 = Release|x64
		{A1ABC021-AE38-4262-9CF3-BF96F0A5CE90}.Release|x86.ActiveCfg = Release|Win32
		{A1ABC021-AE38-4262-9CF3-BF96F0A5CE90}.Release|x86.Build.0 = Release|Win32
		{B1E3C61A-C8FC-4963-9F8C-24D509EE580C}.Debug|x64.ActiveCfg = Debug|x64
		{B1E3C61A-C8FC-4963-9F8C-24D509EE580C}.Debug|x64.Build.0 = Debug|x64
		{B1E3C61A-C8FC-4963-9F8C-24D509EE580C}.Debug|x86.ActiveCfg = Debug|Win32
		{B1E3C61A-C8FC-4963-9F8C-24D509EE580C}.Debug|x86.Build.0 = Debug|Win32
		{B1E3C61A-C8FC-4963-9F8C-24D509EE580C}.Release|x64.ActiveCfg = Release|x64
		{B1E3C61A-C8FC-4963-9F8C-24D509EE580C}.Release|x64.Build.0 = Release|x64
		{B1E3C61A-C8FC-4963-9F8C-24D509EE580C}.Release|x86.ActiveCfg = Release|Win32
		{B1E3C61A-C8FC-4963-9F8C-24D509EE580C}.Release|x86.Build.0 = Release|Win32
		{02B63468-E569-4E56-AAA3-D398473BAF95}.Debug|x64.ActiveCfg = Debug|x64
		{02B63468-E569-4E56-AAA3-D398473BAF95}.Debug|x64.Build.0 = Debug|x64
		{02B63468-E569-4E56-AAA3-D398473BAF95}.Debug|x86.ActiveCfg = Debug|Win32
		{02B63468-E569-4E56-AAA3-D398473BAF95}.Debug|x86.Build.0 = Debug|Win32
		{02B63468-E569-4E56-AAA3-D398473BAF95}.Release|x64.ActiveCfg = Release|x64
		{02B63468-E569-4E56-AAA3-D398473BAF95}.Release|x64.Build.0 = Release|x64
		{02B63468-E569-4E56-AAA3-D398473BAF95}.Release|x86.ActiveCfg = Release|Win32
		{02B63468-E569-4E56-AAA3-D398473BAF95}.Release|x86.Build.0 = Release|Win32
		{B6087B8A-8910-4B4B-A9BF-25B3FDA84178}.Debug|x64.ActiveCfg = Debug|x64
		{B6087B8A-8910-4B4B-A9BF-25B3FDA84178}.Debug|x64.Build.0 = Debug|x64
		{B6087B8A-8910-4B4B-A9BF-25B3FDA84178}.Debug|x86.ActiveCfg = Debug|Win32
		{B6087B8A-8910-4B4B-A9BF-25B3FDA84178}.Debug|x86.Build.0 = Debug|Win32
		{B6087B8A-8910-4B4B-A9BF-25B3FDA84178}.Release|x64.ActiveCfg = Release|x64
		{B6087B8A-8910-4B4B-A9BF-25B3FDA84178}.Release|x64.Build.0 = Release|x64
		{B6087B8A-8910-4B4B-A9BF-25B3FDA84178}.Release|x86.ActiveCfg = Release|Win32
		{B6087B8A-8910-4B4B-A9BF-25B3FDA84178}.Release|x86.Build.0 = Release|Win32
		{55B5C2BF-928B-40E7-934D-A2F311044EEE}.Debug|x64.ActiveCfg = Debug|x64
		{55B5C2BF-928B-40E7-934D-A2F311044EEE}.Debug|x64.Build.0 = Debug|x64
		{55B5C2BF-928B-40E7-934D-A2F311044EEE}.Debug|x86.ActiveCfg = Debug|Win32
		{55B5C2BF-928B-40E7-934D-A2F311044EEE}.Debug|x86.Build.0 = Debug|Win32
		{55B5C2BF-928B-40E7-934D-A2F311044EEE}.Release|x64.ActiveCfg = Release|x64
		{55B5C2BF-928B-40E7-934D-A2F311044EEE}.Release|x64.Build.0 = Release|x64
		{55B5C2BF-928B-40E7-934D-A2F311044EEE}.Release|x86.ActiveCfg = Release|Win32
		{55B5C2BF-928B-40E7-934D-A2F311044EEE}.Release|x86.Build.0 = Release|Win32
	EndGlobalSection
	GlobalSection(SolutionProperties) = preSolution
		HideSolutionNode = FALSE
	EndGlobalSection
	GlobalSection(NestedProjects) = preSolution
		{BC178462-15C6-4859-BDB9-6BB7216F16D1} = {78405809-B02E-476A-9DB5-DCC8EA18A580}
		{43E95582-82FC-46C5-A7CA-7D887CD0432B} = {E929947A-F76E-47DA-B91E-E07258752D7B}
		{A4198B71-D72C-4C1A-9FA2-6A2A1290C0E7} = {51D0F4FD-D4A0-4BE8-8C05-998C515A4172}
		{A1ABC021-AE38-4262-9CF3-BF96F0A5CE90} = {8DEC0141-DCD6-4452-A2FA-62ED2D5F86B2}
		{B1E3C61A-C8FC-4963-9F8C-24D509EE580C} = {3A1AF183-653D-4F8D-9055-571FA767A12D}
		{02B63468-E569-4E56-AAA3-D398473BAF95} = {3A1AF183-653D-4F8D-9055-571FA767A12D}
		{B6087B8A-8910-4B4B-A9BF-25B3FDA84178} = {78405809-B02E-476A-9DB5-DCC8EA18A580}
		{55B5C2BF-928B-40E7-934D-A2F311044EEE} = {8DEC0141-DCD6-4452-A2FA-62ED2D5F86B2}
	EndGlobalSection
	GlobalSection(ExtensibilityGlobals) = postSolution
		SolutionGuid = {9569A01C-E2FC-4E92-AA52-7E64DFA75EB1}
	EndGlobalSection
EndGlobal
