<?xml version="1.0" encoding="utf-8"?>
<Project ToolsVersion="4.0" xmlns="http://schemas.microsoft.com/developer/msbuild/2003">
  <ItemGroup>
    <ClCompile Include="TitleLevel.cpp">
      <Filter>02. Level\01. Title Level</Filter>
    </ClCompile>
    <ClCompile Include="SludgeHeartRoom.cpp">
      <Filter>02. Level\03. Sludge Heart Level</Filter>
    </ClCompile>
    <ClCompile Include="YetiRoom.cpp">
      <Filter>02. Level\04. Yeti Level</Filter>
    </ClCompile>
    <ClCompile Include="PreCompile.cpp">
      <Filter>00. Global\01. PreCompile</Filter>
    </ClCompile>
    <ClCompile Include="PlayLevelBase.cpp">
      <Filter>02. Level\00.  LevelBase</Filter>
    </ClCompile>
    <ClCompile Include="Floor1.cpp">
      <Filter>02. Level\02. Floor1 Level</Filter>
    </ClCompile>
    <ClCompile Include="Arrow.cpp">
      <Filter>01. Actor\02. Player Element\01. Arrow</Filter>
    </ClCompile>
    <ClCompile Include="Player.cpp">
      <Filter>01. Actor\02. Player Element\00. Player</Filter>
    </ClCompile>
    <ClCompile Include="PlayerAnimation.cpp">
      <Filter>01. Actor\02. Player Element\00. Player</Filter>
    </ClCompile>
    <ClCompile Include="LevelBase.cpp">
      <Filter>02. Level\00.  LevelBase</Filter>
    </ClCompile>
    <ClCompile Include="BossBase.cpp">
      <Filter>01. Actor\03. Boss\00. Base</Filter>
    </ClCompile>
    <ClCompile Include="Heart.cpp">
      <Filter>01. Actor\03. Boss\01. Sludge Heart\01. Heart</Filter>
    </ClCompile>
    <ClCompile Include="HeartState.cpp">
      <Filter>01. Actor\03. Boss\01. Sludge Heart\01. Heart</Filter>
    </ClCompile>
    <ClCompile Include="Sludge.cpp">
      <Filter>01. Actor\03. Boss\01. Sludge Heart\02. Sludge</Filter>
    </ClCompile>
    <ClCompile Include="Debris.cpp">
      <Filter>01. Actor\03. Boss\01. Sludge Heart\03. Debris</Filter>
    </ClCompile>
    <ClCompile Include="SludgeState.cpp">
      <Filter>01. Actor\03. Boss\01. Sludge Heart\02. Sludge</Filter>
    </ClCompile>
    <ClCompile Include="JumpBoss.cpp">
      <Filter>01. Actor\03. Boss\01. Sludge Heart\00. GravityActor</Filter>
    </ClCompile>
    <ClCompile Include="CameraManager.cpp">
      <Filter>05. Camera</Filter>
    </ClCompile>
    <ClCompile Include="ArrowState.cpp">
      <Filter>01. Actor\02. Player Element\01. Arrow</Filter>
    </ClCompile>
    <ClCompile Include="TriggerBox.cpp">
      <Filter>01. Actor\05. Trigger Box</Filter>
    </ClCompile>
    <ClCompile Include="ContentsControlWindow.cpp">
      <Filter>00. Global\04. IMGUI</Filter>
    </ClCompile>
    <ClCompile Include="TitleLevelState.cpp">
      <Filter>02. Level\01. Title Level</Filter>
    </ClCompile>
    <ClCompile Include="FadeImage.cpp">
      <Filter>03. UI\03. Image\01. Fade Image</Filter>
    </ClCompile>
    <ClCompile Include="FadeImageState.cpp">
      <Filter>03. UI\03. Image\01. Fade Image</Filter>
    </ClCompile>
    <ClCompile Include="FadeIn.cpp">
      <Filter>03. UI\02. Seceen Overlay\01. Fade Actor</Filter>
    </ClCompile>
    <ClCompile Include="FadeOut.cpp">
      <Filter>03. UI\02. Seceen Overlay\01. Fade Actor</Filter>
    </ClCompile>
    <ClCompile Include="OverlayActor.cpp">
      <Filter>01. Actor\06. Versatile Actor\Overlay</Filter>
    </ClCompile>
    <ClCompile Include="TextActor.cpp">
      <Filter>03. UI\01. Text\00. Base</Filter>
    </ClCompile>
    <ClCompile Include="SelectText.cpp">
      <Filter>03. UI\01. Text\01. Select</Filter>
    </ClCompile>
    <ClCompile Include="AncientScript.cpp">
      <Filter>03. UI\01. Text\03. AncientScript</Filter>
    </ClCompile>
    <ClCompile Include="AncientScriptState.cpp">
      <Filter>03. UI\01. Text\03. AncientScript</Filter>
    </ClCompile>
    <ClCompile Include="Yeti.cpp">
      <Filter>01. Actor\03. Boss\02. Yeti\00. Yeti</Filter>
    </ClCompile>
    <ClCompile Include="YetiAnimation.cpp">
      <Filter>01. Actor\03. Boss\02. Yeti\00. Yeti</Filter>
    </ClCompile>
    <ClCompile Include="YetiState.cpp">
      <Filter>01. Actor\03. Boss\02. Yeti\00. Yeti</Filter>
    </ClCompile>
    <ClCompile Include="Icicle.cpp">
      <Filter>01. Actor\03. Boss\02. Yeti\02. Icicle</Filter>
    </ClCompile>
    <ClCompile Include="Snowball.cpp">
      <Filter>01. Actor\03. Boss\02. Yeti\01. Snowball</Filter>
    </ClCompile>
    <ClCompile Include="IclcleState.cpp">
      <Filter>01. Actor\03. Boss\02. Yeti\02. Icicle</Filter>
    </ClCompile>
    <ClCompile Include="ContentsCore.cpp">
      <Filter>00. Global\00. Contents Core</Filter>
    </ClCompile>
    <ClCompile Include="GlobalLoad.cpp">
      <Filter>00. Global\02. Global Load</Filter>
    </ClCompile>
    <ClCompile Include="GlobalValue.cpp">
      <Filter>00. Global\03. Global Value</Filter>
    </ClCompile>
    <ClCompile Include="MouseCursor.cpp">
      <Filter>03. UI\00. Mouse</Filter>
    </ClCompile>
    <ClCompile Include="ImageActor.cpp">
      <Filter>03. UI\03. Image\00. Default</Filter>
    </ClCompile>
    <ClCompile Include="ScreenOverlay.cpp">
      <Filter>03. UI\02. Seceen Overlay\00. ScreenOverlay</Filter>
    </ClCompile>
    <ClCompile Include="PlayerMaskEffect.cpp">
      <Filter>07. Effect\01. Player Mask Effect</Filter>
    </ClCompile>
    <ClCompile Include="SoundRandomPlayer.cpp">
      <Filter>06. Sound</Filter>
    </ClCompile>
    <ClCompile Include="ActorBase.cpp">
      <Filter>01. Actor\00. Actor Base</Filter>
    </ClCompile>
    <ClCompile Include="PlayerSound.cpp">
      <Filter>01. Actor\02. Player Element\00. Player</Filter>
    </ClCompile>
    <ClCompile Include="PlayerState.cpp">
      <Filter>01. Actor\02. Player Element\00. Player</Filter>
    </ClCompile>
    <ClCompile Include="ArrowSound.cpp">
      <Filter>01. Actor\02. Player Element\01. Arrow</Filter>
    </ClCompile>
    <ClCompile Include="ColossusBody.cpp">
      <Filter>01. Actor\03. Boss\03. Colossus</Filter>
    </ClCompile>
    <ClCompile Include="Hand.cpp">
      <Filter>01. Actor\03. Boss\03. Colossus</Filter>
    </ClCompile>
    <ClCompile Include="Hand_State.cpp">
      <Filter>01. Actor\03. Boss\03. Colossus</Filter>
    </ClCompile>
    <ClCompile Include="ColossusBodyState.cpp">
      <Filter>01. Actor\03. Boss\03. Colossus</Filter>
    </ClCompile>
    <ClCompile Include="CameraShakingObject.cpp">
      <Filter>05. Camera</Filter>
    </ClCompile>
    <ClCompile Include="TileMap.cpp">
      <Filter>01. Actor\01. Map\01. Tile Map</Filter>
    </ClCompile>
    <ClCompile Include="EndingDoor.cpp">
      <Filter>01. Actor\01. Map\02. Ending Door</Filter>
    </ClCompile>
    <ClCompile Include="ClearLight.cpp">
      <Filter>01. Actor\01. Map\03. ClearLight</Filter>
    </ClCompile>
    <ClCompile Include="OverlayLightMask.cpp">
      <Filter>07. Effect\02. ColossusMask</Filter>
    </ClCompile>
    <ClCompile Include="EndingLevel.cpp">
      <Filter>02. Level\05. Ending Level</Filter>
    </ClCompile>
    <ClCompile Include="FadeScreenOverlay.cpp">
      <Filter>03. UI\02. Seceen Overlay\00. ScreenOverlay</Filter>
    </ClCompile>
    <ClCompile Include="GravityParticle.cpp">
      <Filter>01. Actor\07. Particle\02. Gravity Particle</Filter>
    </ClCompile>
    <ClCompile Include="UpParticle.cpp">
      <Filter>01. Actor\07. Particle\01. Up Particle</Filter>
    </ClCompile>
    <ClCompile Include="SpreadParticle.cpp">
      <Filter>01. Actor\07. Particle\03. SpreadParticle</Filter>
    </ClCompile>
  </ItemGroup>
  <ItemGroup>
    <ClInclude Include="TitleLevel.h">
      <Filter>02. Level\01. Title Level</Filter>
    </ClInclude>
    <ClInclude Include="YetiRoom.h">
      <Filter>02. Level\04. Yeti Level</Filter>
    </ClInclude>
    <ClInclude Include="PreCompile.h">
      <Filter>00. Global\01. PreCompile</Filter>
    </ClInclude>
    <ClInclude Include="PlayLevelBase.h">
      <Filter>02. Level\00.  LevelBase</Filter>
    </ClInclude>
    <ClInclude Include="Floor1.h">
      <Filter>02. Level\02. Floor1 Level</Filter>
    </ClInclude>
    <ClInclude Include="Player.h">
      <Filter>01. Actor\02. Player Element\00. Player</Filter>
    </ClInclude>
    <ClInclude Include="LevelBase.h">
      <Filter>02. Level\00.  LevelBase</Filter>
    </ClInclude>
    <ClInclude Include="Arrow.h">
      <Filter>01. Actor\02. Player Element\01. Arrow</Filter>
    </ClInclude>
    <ClInclude Include="BossBase.h">
      <Filter>01. Actor\03. Boss\00. Base</Filter>
    </ClInclude>
    <ClInclude Include="Heart.h">
      <Filter>01. Actor\03. Boss\01. Sludge Heart\01. Heart</Filter>
    </ClInclude>
    <ClInclude Include="Sludge.h">
      <Filter>01. Actor\03. Boss\01. Sludge Heart\02. Sludge</Filter>
    </ClInclude>
    <ClInclude Include="Debris.h">
      <Filter>01. Actor\03. Boss\01. Sludge Heart\03. Debris</Filter>
    </ClInclude>
    <ClInclude Include="JumpBoss.h">
      <Filter>01. Actor\03. Boss\01. Sludge Heart\00. GravityActor</Filter>
    </ClInclude>
    <ClInclude Include="CameraManager.h">
      <Filter>05. Camera</Filter>
    </ClInclude>
    <ClInclude Include="TriggerBox.h">
      <Filter>01. Actor\05. Trigger Box</Filter>
    </ClInclude>
    <ClInclude Include="ContentsControlWindow.h">
      <Filter>00. Global\04. IMGUI</Filter>
    </ClInclude>
    <ClInclude Include="FadeImage.h">
      <Filter>03. UI\03. Image\01. Fade Image</Filter>
    </ClInclude>
    <ClInclude Include="SludgeHeartRoom.h">
      <Filter>02. Level\03. Sludge Heart Level</Filter>
    </ClInclude>
    <ClInclude Include="FadeIn.h">
      <Filter>03. UI\02. Seceen Overlay\01. Fade Actor</Filter>
    </ClInclude>
    <ClInclude Include="FadeOut.h">
      <Filter>03. UI\02. Seceen Overlay\01. Fade Actor</Filter>
    </ClInclude>
    <ClInclude Include="OverlayActor.h">
      <Filter>01. Actor\06. Versatile Actor\Overlay</Filter>
    </ClInclude>
    <ClInclude Include="TextActor.h">
      <Filter>03. UI\01. Text\00. Base</Filter>
    </ClInclude>
    <ClInclude Include="SelectText.h">
      <Filter>03. UI\01. Text\01. Select</Filter>
    </ClInclude>
    <ClInclude Include="AncientScript.h">
      <Filter>03. UI\01. Text\03. AncientScript</Filter>
    </ClInclude>
    <ClInclude Include="Yeti.h">
      <Filter>01. Actor\03. Boss\02. Yeti\00. Yeti</Filter>
    </ClInclude>
    <ClInclude Include="Icicle.h">
      <Filter>01. Actor\03. Boss\02. Yeti\02. Icicle</Filter>
    </ClInclude>
    <ClInclude Include="Snowball.h">
      <Filter>01. Actor\03. Boss\02. Yeti\01. Snowball</Filter>
    </ClInclude>
    <ClInclude Include="ContentsCore.h">
      <Filter>00. Global\00. Contents Core</Filter>
    </ClInclude>
    <ClInclude Include="GlobalLoad.h">
      <Filter>00. Global\02. Global Load</Filter>
    </ClInclude>
    <ClInclude Include="ContentEnum.h">
      <Filter>00. Global\03. Global Value</Filter>
    </ClInclude>
    <ClInclude Include="GlobalValue.h">
      <Filter>00. Global\03. Global Value</Filter>
    </ClInclude>
    <ClInclude Include="MouseCursor.h">
      <Filter>03. UI\00. Mouse</Filter>
    </ClInclude>
    <ClInclude Include="ImageActor.h">
      <Filter>03. UI\03. Image\00. Default</Filter>
    </ClInclude>
    <ClInclude Include="ScreenOverlay.h">
      <Filter>03. UI\02. Seceen Overlay\00. ScreenOverlay</Filter>
    </ClInclude>
    <ClInclude Include="PlayerMaskEffect.h">
      <Filter>07. Effect\01. Player Mask Effect</Filter>
    </ClInclude>
    <ClInclude Include="SoundRandomPlayer.h">
      <Filter>06. Sound</Filter>
    </ClInclude>
    <ClInclude Include="ActorBase.h">
      <Filter>01. Actor\00. Actor Base</Filter>
    </ClInclude>
    <ClInclude Include="ColossusBody.h">
      <Filter>01. Actor\03. Boss\03. Colossus</Filter>
    </ClInclude>
    <ClInclude Include="Hand.h">
      <Filter>01. Actor\03. Boss\03. Colossus</Filter>
    </ClInclude>
    <ClInclude Include="CameraShakingObject.h">
      <Filter>05. Camera</Filter>
    </ClInclude>
    <ClInclude Include="TileMap.h">
      <Filter>01. Actor\01. Map\01. Tile Map</Filter>
    </ClInclude>
    <ClInclude Include="EndingDoor.h">
      <Filter>01. Actor\01. Map\02. Ending Door</Filter>
    </ClInclude>
    <ClInclude Include="ClearLight.h">
      <Filter>01. Actor\01. Map\03. ClearLight</Filter>
    </ClInclude>
    <ClInclude Include="OverlayLightMask.h">
      <Filter>07. Effect\02. ColossusMask</Filter>
    </ClInclude>
    <ClInclude Include="EndingLevel.h">
      <Filter>02. Level\05. Ending Level</Filter>
    </ClInclude>
    <ClInclude Include="FadeScreenOverlay.h">
      <Filter>03. UI\02. Seceen Overlay\00. ScreenOverlay</Filter>
    </ClInclude>
    <ClInclude Include="GravityParticle.h">
      <Filter>01. Actor\07. Particle\02. Gravity Particle</Filter>
    </ClInclude>
    <ClInclude Include="UpParticle.h">
      <Filter>01. Actor\07. Particle\01. Up Particle</Filter>
    </ClInclude>
    <ClInclude Include="SpreadParticle.h">
      <Filter>01. Actor\07. Particle\03. SpreadParticle</Filter>
    </ClInclude>
  </ItemGroup>
  <ItemGroup>
    <Filter Include="00. Global">
      <UniqueIdentifier>{ca09bba4-fac2-48d7-bd82-8680ddecfb32}</UniqueIdentifier>
    </Filter>
    <Filter Include="02. Level">
      <UniqueIdentifier>{c9a2e832-8d6b-49de-ac34-3e11f6f95c4b}</UniqueIdentifier>
    </Filter>
    <Filter Include="01. Actor">
      <UniqueIdentifier>{1ed32494-7d40-4343-91db-46dd49d61b24}</UniqueIdentifier>
    </Filter>
    <Filter Include="01. Actor\01. Map">
      <UniqueIdentifier>{02adf661-990b-44ba-b4e9-54561b4b9a3e}</UniqueIdentifier>
    </Filter>
    <Filter Include="01. Actor\02. Player Element">
      <UniqueIdentifier>{ff089a74-2651-4562-8c36-79abf9819449}</UniqueIdentifier>
    </Filter>
    <Filter Include="01. Actor\02. Player Element\00. Player">
      <UniqueIdentifier>{cddb65d5-7fc7-4492-8665-a948bdce356c}</UniqueIdentifier>
    </Filter>
    <Filter Include="01. Actor\02. Player Element\01. Arrow">
      <UniqueIdentifier>{ff6998c0-0991-4c3d-b80c-4fc7c272d402}</UniqueIdentifier>
    </Filter>
    <Filter Include="01. Actor\03. Boss">
      <UniqueIdentifier>{3939b64e-ea2d-48d8-9b68-34b95fb13ce0}</UniqueIdentifier>
    </Filter>
    <Filter Include="01. Actor\03. Boss\00. Base">
      <UniqueIdentifier>{93c6a8f9-e5d6-4095-bf6e-a841fc6d1260}</UniqueIdentifier>
    </Filter>
    <Filter Include="03. UI">
      <UniqueIdentifier>{bff1805d-5edb-49ee-a1a1-0e04756237a8}</UniqueIdentifier>
    </Filter>
    <Filter Include="01. Actor\03. Boss\02. Yeti">
      <UniqueIdentifier>{8993cf01-ed96-4040-962b-d996e5b21118}</UniqueIdentifier>
    </Filter>
    <Filter Include="01. Actor\03. Boss\01. Sludge Heart">
      <UniqueIdentifier>{32307151-258c-4073-8b8d-932efeda4e30}</UniqueIdentifier>
    </Filter>
    <Filter Include="01. Actor\03. Boss\01. Sludge Heart\00. GravityActor">
      <UniqueIdentifier>{757a3cd0-1740-4bf2-82c6-9e90e6f9af1f}</UniqueIdentifier>
    </Filter>
    <Filter Include="01. Actor\03. Boss\01. Sludge Heart\01. Heart">
      <UniqueIdentifier>{f8a1a0a9-989f-4345-a4ba-3d21f01538b6}</UniqueIdentifier>
    </Filter>
    <Filter Include="01. Actor\03. Boss\01. Sludge Heart\02. Sludge">
      <UniqueIdentifier>{864865bd-e084-498f-99d0-982694a31081}</UniqueIdentifier>
    </Filter>
    <Filter Include="01. Actor\03. Boss\02. Yeti\00. Yeti">
      <UniqueIdentifier>{8a629775-a7d4-4683-b396-d0cd4ea26054}</UniqueIdentifier>
    </Filter>
    <Filter Include="01. Actor\03. Boss\02. Yeti\01. Snowball">
      <UniqueIdentifier>{fbbba581-4026-4d0c-b003-4e7c374169e3}</UniqueIdentifier>
    </Filter>
    <Filter Include="01. Actor\03. Boss\02. Yeti\02. Icicle">
      <UniqueIdentifier>{646eab8d-d7eb-48c2-8423-9eaabee74383}</UniqueIdentifier>
    </Filter>
    <Filter Include="02. Level\04. Yeti Level">
      <UniqueIdentifier>{d1102da3-5895-4134-8c92-fe720bc213db}</UniqueIdentifier>
    </Filter>
    <Filter Include="02. Level\03. Sludge Heart Level">
      <UniqueIdentifier>{f1631e0c-c2f3-41f3-9183-8a402dcb4b87}</UniqueIdentifier>
    </Filter>
    <Filter Include="02. Level\01. Title Level">
      <UniqueIdentifier>{e884d415-2682-4b16-81a1-797bb861610c}</UniqueIdentifier>
    </Filter>
    <Filter Include="02. Level\00.  LevelBase">
      <UniqueIdentifier>{be58b8bb-a8d7-41a6-94a7-56f724e56ef2}</UniqueIdentifier>
    </Filter>
    <Filter Include="01. Actor\03. Boss\01. Sludge Heart\03. Debris">
      <UniqueIdentifier>{6726e26a-21d3-4ad7-a36f-8fa9d22b8e93}</UniqueIdentifier>
    </Filter>
    <Filter Include="01. Actor\06. Versatile Actor">
      <UniqueIdentifier>{436e51e0-ab4c-466e-a43f-01b1a0110e50}</UniqueIdentifier>
    </Filter>
    <Filter Include="01. Actor\05. Trigger Box">
      <UniqueIdentifier>{1f01acbb-a0d6-4c3c-a9dd-19e2727c9dac}</UniqueIdentifier>
    </Filter>
    <Filter Include="01. Actor\00. Actor Base">
      <UniqueIdentifier>{a3a65cc8-1684-4b7b-a745-317f7a82ac98}</UniqueIdentifier>
    </Filter>
    <Filter Include="00. Global\04. IMGUI">
      <UniqueIdentifier>{02dbdd72-bf18-4dcb-9802-1b2dbb834d12}</UniqueIdentifier>
    </Filter>
    <Filter Include="00. Global\00. Contents Core">
      <UniqueIdentifier>{059e1a89-402f-4014-84c9-ec55ce8b5acd}</UniqueIdentifier>
    </Filter>
    <Filter Include="00. Global\01. PreCompile">
      <UniqueIdentifier>{108f427d-bc5e-4b09-931c-7005e16f8af5}</UniqueIdentifier>
    </Filter>
    <Filter Include="00. Global\02. Global Load">
      <UniqueIdentifier>{17559cdb-1ec4-40a9-a77e-dd1be231f8d7}</UniqueIdentifier>
    </Filter>
    <Filter Include="03. UI\00. Mouse">
      <UniqueIdentifier>{641581ea-1330-4375-bc22-29b698194501}</UniqueIdentifier>
    </Filter>
    <Filter Include="00. Global\03. Global Value">
      <UniqueIdentifier>{8dd2b722-0ca9-403c-844a-19ee5d95f26f}</UniqueIdentifier>
    </Filter>
    <Filter Include="01. Actor\06. Versatile Actor\Overlay">
      <UniqueIdentifier>{d3d38ea0-eda3-486c-9105-9c8dd3ee387b}</UniqueIdentifier>
    </Filter>
    <Filter Include="03. UI\01. Text">
      <UniqueIdentifier>{80c2b80b-3ad0-4fa0-9073-28e2c4d100c0}</UniqueIdentifier>
    </Filter>
    <Filter Include="03. UI\01. Text\00. Base">
      <UniqueIdentifier>{07f0fc20-fe85-40c0-9abd-3d057092026b}</UniqueIdentifier>
    </Filter>
    <Filter Include="03. UI\01. Text\01. Select">
      <UniqueIdentifier>{5be8e43f-afe3-4b65-b2b3-c01924736ae4}</UniqueIdentifier>
    </Filter>
    <Filter Include="03. UI\01. Text\02. QuestionText">
      <UniqueIdentifier>{e01db052-25e4-4f6d-8b57-36b535f24be9}</UniqueIdentifier>
    </Filter>
    <Filter Include="03. UI\01. Text\03. AncientScript">
      <UniqueIdentifier>{4961d934-11d5-4ce0-9241-dba65dce2df7}</UniqueIdentifier>
    </Filter>
    <Filter Include="03. UI\02. Seceen Overlay">
      <UniqueIdentifier>{32e8e412-db45-48f3-894d-dd6fad796792}</UniqueIdentifier>
    </Filter>
    <Filter Include="03. UI\03. Image">
      <UniqueIdentifier>{98f43c60-67e6-40bb-8a95-7cc8df1a456e}</UniqueIdentifier>
    </Filter>
    <Filter Include="03. UI\02. Seceen Overlay\01. Fade Actor">
      <UniqueIdentifier>{4339af8b-2735-4aaa-85c4-59781effc249}</UniqueIdentifier>
    </Filter>
    <Filter Include="03. UI\03. Image\01. Fade Image">
      <UniqueIdentifier>{2181bd69-5b3d-45b8-b00f-58c8da29a00c}</UniqueIdentifier>
    </Filter>
    <Filter Include="03. UI\03. Image\00. Default">
      <UniqueIdentifier>{3fa56be9-58ba-41cf-85ed-d7f3e68c9550}</UniqueIdentifier>
    </Filter>
    <Filter Include="03. UI\02. Seceen Overlay\00. ScreenOverlay">
      <UniqueIdentifier>{401e9d51-3211-4211-84ef-12d6b15c6686}</UniqueIdentifier>
    </Filter>
    <Filter Include="06. Sound">
      <UniqueIdentifier>{3b9f6755-f4ab-4606-b05a-2eae74200705}</UniqueIdentifier>
    </Filter>
    <Filter Include="05. Camera">
      <UniqueIdentifier>{209b5c2c-88a5-4e75-9a33-bd789115b96f}</UniqueIdentifier>
    </Filter>
    <Filter Include="07. Effect">
      <UniqueIdentifier>{cd517c0e-47f0-4bc6-b6c9-4e4b1b46ee78}</UniqueIdentifier>
    </Filter>
    <Filter Include="07. Effect\01. Player Mask Effect">
      <UniqueIdentifier>{da887fdf-8aae-45af-8e11-5e364efb3976}</UniqueIdentifier>
    </Filter>
    <Filter Include="02. Level\02. Floor1 Level">
      <UniqueIdentifier>{f535a8e6-429f-4e03-8c3c-6dfc4cba2655}</UniqueIdentifier>
    </Filter>
    <Filter Include="01. Actor\03. Boss\03. Colossus">
      <UniqueIdentifier>{dae5e2e2-c906-43d5-8f00-a173bf126f52}</UniqueIdentifier>
    </Filter>
    <Filter Include="07. Effect\02. ColossusMask">
      <UniqueIdentifier>{f40f200b-d402-4ef9-9790-1029da511fe8}</UniqueIdentifier>
    </Filter>
    <Filter Include="01. Actor\01. Map\02. Ending Door">
      <UniqueIdentifier>{58e78d0c-32ef-4dd7-8cd2-ea227f93fe69}</UniqueIdentifier>
    </Filter>
    <Filter Include="01. Actor\01. Map\01. Tile Map">
      <UniqueIdentifier>{6fed83a0-5df8-42e8-95fd-6ca7cfc125dc}</UniqueIdentifier>
    </Filter>
    <Filter Include="01. Actor\01. Map\03. ClearLight">
      <UniqueIdentifier>{9305744f-e3ed-4378-a8a0-355173222cce}</UniqueIdentifier>
    </Filter>
    <Filter Include="02. Level\05. Ending Level">
      <UniqueIdentifier>{96d1925a-7533-4585-8e84-7be1fc286092}</UniqueIdentifier>
    </Filter>
    <Filter Include="01. Actor\07. Particle">
      <UniqueIdentifier>{0b663e49-dcbb-43db-b75e-a7bdda0f9e05}</UniqueIdentifier>
    </Filter>
    <Filter Include="01. Actor\07. Particle\01. Up Particle">
      <UniqueIdentifier>{4627e8d4-163d-4ed7-9f82-060dd4beb6de}</UniqueIdentifier>
    </Filter>
    <Filter Include="01. Actor\07. Particle\02. Gravity Particle">
      <UniqueIdentifier>{7f965f5e-8682-4368-94bc-55fe4df81ab1}</UniqueIdentifier>
    </Filter>
    <Filter Include="01. Actor\07. Particle\03. SpreadParticle">
      <UniqueIdentifier>{54b2077c-5a7a-4fae-9cb3-cf4071ae743c}</UniqueIdentifier>
    </Filter>
  </ItemGroup>
</Project>